
Microsoft Visual Studio Solution File, Format Version 12.00
# Visual Studio Version 17
VisualStudioVersion = 17.3.32929.385
MinimumVisualStudioVersion = 10.0.40219.1
Project("{FAE04EC0-301F-11D3-BF4B-00C04F79EFBC}") = "WindowsFormsApp1", "WindowsFormsApp1\WindowsFormsApp1.csproj", "{AD47C587-DA42-426E-B2E6-CDF30D8566CB}"
EndProject
Global
	GlobalSection(SolutionConfigurationPlatforms) = preSolution
		Debug|Any CPU = Debug|Any CPU
		Release|Any CPU = Release|Any CPU
	EndGlobalSection
	GlobalSection(ProjectConfigurationPlatforms) = postSolution
		{AD47C587-DA42-426E-B2E6-CDF30D8566CB}.Debug|Any CPU.ActiveCfg = Debug|Any CPU
		{AD47C587-DA42-426E-B2E6-CDF30D8566CB}.Debug|Any CPU.Build.0 = Debug|Any CPU
		{AD47C587-DA42-426E-B2E6-CDF30D8566CB}.Release|Any CPU.ActiveCfg = Release|Any CPU
		{AD47C587-DA42-426E-B2E6-CDF30D8566CB}.Release|Any CPU.Build.0 = Release|Any CPU
	EndGlobalSection
	GlobalSection(SolutionProperties) = preSolution
		HideSolutionNode = FALSE
	EndGlobalSection
	GlobalSection(ExtensibilityGlobals) = postSolution
		SolutionGuid = {BA454833-6F7D-4078-93F8-B1CF94B5B0B1}
	EndGlobalSection
EndGlobal
