
Microsoft Visual Studio Solution File, Format Version 12.00
# Visual Studio Version 17
VisualStudioVersion = 17.3.32929.385
MinimumVisualStudioVersion = 10.0.40219.1
Project("{FAE04EC0-301F-11D3-BF4B-00C04F79EFBC}") = "Lab02", "Task1\Lab02.csproj", "{F515B35A-BE5A-493E-819A-1AC371FA3CC8}"
EndProject
Global
	GlobalSection(SolutionConfigurationPlatforms) = preSolution
		Debug|Any CPU = Debug|Any CPU
		Release|Any CPU = Release|Any CPU
	EndGlobalSection
	GlobalSection(ProjectConfigurationPlatforms) = postSolution
		{F515B35A-BE5A-493E-819A-1AC371FA3CC8}.Debug|Any CPU.ActiveCfg = Debug|Any CPU
		{F515B35A-BE5A-493E-819A-1AC371FA3CC8}.Debug|Any CPU.Build.0 = Debug|Any CPU
		{F515B35A-BE5A-493E-819A-1AC371FA3CC8}.Release|Any CPU.ActiveCfg = Release|Any CPU
		{F515B35A-BE5A-493E-819A-1AC371FA3CC8}.Release|Any CPU.Build.0 = Release|Any CPU
	EndGlobalSection
	GlobalSection(SolutionProperties) = preSolution
		HideSolutionNode = FALSE
	EndGlobalSection
	GlobalSection(ExtensibilityGlobals) = postSolution
		SolutionGuid = {CE71BFDE-1D43-4778-ADCD-4EA16D611D67}
	EndGlobalSection
EndGlobal
